version = 1
revision = 3
requires-python = ">=3.8"
resolution-markers = [
    "python_full_version >= '3.10'",
    "python_full_version == '3.9.*'",
    "python_full_version < '3.9'",
]

[[package]]
name = "dnspython"
version = "2.6.1"
source = { registry = "https://pypi.org/simple" }
resolution-markers = [
    "python_full_version < '3.9'",
]
sdist = { url = "https://files.pythonhosted.org/packages/37/7d/c871f55054e403fdfd6b8f65fd6d1c4e147ed100d3e9f9ba1fe695403939/dnspython-2.6.1.tar.gz", hash = "sha256:e8f0f9c23a7b7cb99ded64e6c3a6f3e701d78f50c55e002b839dea7225cff7cc", size = 332727, upload-time = "2024-02-18T18:48:48.952Z" }
wheels = [
    { url = "https://files.pythonhosted.org/packages/87/a1/8c5287991ddb8d3e4662f71356d9656d91ab3a36618c3dd11b280df0d255/dnspython-2.6.1-py3-none-any.whl", hash = "sha256:5ef3b9680161f6fa89daf8ad451b5f1a33b18ae8a1c6778cdf4b43f08c0a6e50", size = 307696, upload-time = "2024-02-18T18:48:46.786Z" },
]

[[package]]
name = "dnspython"
version = "2.7.0"
source = { registry = "https://pypi.org/simple" }
resolution-markers = [
    "python_full_version == '3.9.*'",
]
sdist = { url = "https://files.pythonhosted.org/packages/b5/4a/263763cb2ba3816dd94b08ad3a33d5fdae34ecb856678773cc40a3605829/dnspython-2.7.0.tar.gz", hash = "sha256:ce9c432eda0dc91cf618a5cedf1a4e142651196bbcd2c80e89ed5a907e5cfaf1", size = 345197, upload-time = "2024-10-05T20:14:59.362Z" }
wheels = [
    { url = "https://files.pythonhosted.org/packages/68/1b/e0a87d256e40e8c888847551b20a017a6b98139178505dc7ffb96f04e954/dnspython-2.7.0-py3-none-any.whl", hash = "sha256:b4c34b7d10b51bcc3a5071e7b8dee77939f1e878477eeecc965e9835f63c6c86", size = 313632, upload-time = "2024-10-05T20:14:57.687Z" },
]

[[package]]
name = "dnspython"
version = "2.8.0"
source = { registry = "https://pypi.org/simple" }
resolution-markers = [
    "python_full_version >= '3.10'",
]
sdist = { url = "https://files.pythonhosted.org/packages/8c/8b/57666417c0f90f08bcafa776861060426765fdb422eb10212086fb811d26/dnspython-2.8.0.tar.gz", hash = "sha256:181d3c6996452cb1189c4046c61599b84a5a86e099562ffde77d26984ff26d0f", size = 368251, upload-time = "2025-09-07T18:58:00.022Z" }
wheels = [
    { url = "https://files.pythonhosted.org/packages/ba/5a/18ad964b0086c6e62e2e7500f7edc89e3faa45033c71c1893d34eed2b2de/dnspython-2.8.0-py3-none-any.whl", hash = "sha256:01d9bbc4a2d76bf0db7c1f729812ded6d912bd318d3b1cf81d30c0f845dbf3af", size = 331094, upload-time = "2025-09-07T18:57:58.071Z" },
]

[[package]]
name = "mongo-backup-tool"
version = "1.0.0"
source = { virtual = "." }
dependencies = [
    { name = "pymongo", version = "4.10.1", source = { registry = "https://pypi.org/simple" }, marker = "python_full_version < '3.9'" },
    { name = "pymongo", version = "4.15.4", source = { registry = "https://pypi.org/simple" }, marker = "python_full_version >= '3.9'" },
]

[package.metadata]
requires-dist = [{ name = "pymongo", specifier = ">=4.0.0" }]

[[package]]
name = "pymongo"
version = "4.10.1"
source = { registry = "https://pypi.org/simple" }
resolution-markers = [
    "python_full_version < '3.9'",
]
dependencies = [
    { name = "dnspython", version = "2.6.1", source = { registry = "https://pypi.org/simple" }, marker = "python_full_version < '3.9'" },
]
sdist = { url = "https://files.pythonhosted.org/packages/1a/35/b62a3139f908c68b69aac6a6a3f8cc146869de0a7929b994600e2c587c77/pymongo-4.10.1.tar.gz", hash = "sha256:a9de02be53b6bb98efe0b9eda84ffa1ec027fcb23a2de62c4f941d9a2f2f3330", size = 1903902, upload-time = "2024-10-01T23:07:58.525Z" }
wheels = [
    { url = "https://files.pythonhosted.org/packages/c1/ca/f56b1dd84541de658d246f86828be27e32285f2151fab97efbce1db3ed57/pymongo-4.10.1-cp310-cp310-macosx_10_9_x86_64.whl", hash = "sha256:e699aa68c4a7dea2ab5a27067f7d3e08555f8d2c0dc6a0c8c60cfd9ff2e6a4b1", size = 835459, upload-time = "2024-10-01T23:06:19.654Z" },
    { url = "https://files.pythonhosted.org/packages/97/01/fe4ee34b33c6863be6a09d1e805ceb1122d9cd5d4a5d1664e360b91adf7e/pymongo-4.10.1-cp310-cp310-macosx_11_0_arm64.whl", hash = "sha256:70645abc714f06b4ad6b72d5bf73792eaad14e3a2cfe29c62a9c81ada69d9e4b", size = 835716, upload-time = "2024-10-01T23:06:22.252Z" },
    { url = "https://files.pythonhosted.org/packages/46/ff/9eb21c1d5861729ae1c91669b02f5bfbd23221ba9809fb97fade761f3f3b/pymongo-4.10.1-cp310-cp310-manylinux_2_17_aarch64.manylinux2014_aarch64.whl", hash = "sha256:ae2fd94c9fe048c94838badcc6e992d033cb9473eb31e5710b3707cba5e8aee2", size = 1407173, upload-time = "2024-10-01T23:06:24.204Z" },
    { url = "https://files.pythonhosted.org/packages/e5/d9/8cf042449d6804e00e38d3bb138b0e9acb8a8e0c9dd9dd989ffffd481c3b/pymongo-4.10.1-cp310-cp310-manylinux_2_17_ppc64le.manylinux2014_ppc64le.whl", hash = "sha256:5ded27a4a5374dae03a92e084a60cdbcecd595306555bda553b833baf3fc4868", size = 1456455, upload-time = "2024-10-01T23:06:26.125Z" },
    { url = "https://files.pythonhosted.org/packages/37/9a/da0d121f98c1413853e1172e2095fe77c1629c83a1db107d45a37ca935c2/pymongo-4.10.1-cp310-cp310-manylinux_2_17_s390x.manylinux2014_s390x.whl", hash = "sha256:1ecc2455e3974a6c429687b395a0bc59636f2d6aedf5785098cf4e1f180f1c71", size = 1433360, upload-time = "2024-10-01T23:06:27.898Z" },
    { url = "https://files.pythonhosted.org/packages/7d/6d/50480f0452e2fb59256d9d641d192366c0079920c36851b818ebeff0cec9/pymongo-4.10.1-cp310-cp310-manylinux_2_17_x86_64.manylinux2014_x86_64.whl", hash = "sha256:a920fee41f7d0259f5f72c1f1eb331bc26ffbdc952846f9bd8c3b119013bb52c", size = 1410758, upload-time = "2024-10-01T23:06:29.546Z" },
    { url = "https://files.pythonhosted.org/packages/cd/8f/b83b9910c54f63bfff34305074e79cd08cf5e12dda22d1a2b4ad009b32b3/pymongo-4.10.1-cp310-cp310-manylinux_2_5_i686.manylinux1_i686.manylinux_2_17_i686.manylinux2014_i686.whl", hash = "sha256:e0a15665b2d6cf364f4cd114d62452ce01d71abfbd9c564ba8c74dcd7bbd6822", size = 1380257, upload-time = "2024-10-01T23:06:30.895Z" },
    { url = "https://files.pythonhosted.org/packages/ed/e3/8f381b576e5f912cf0fe34218c6b0ef23d7afdef13fed592900fb52f0ed4/pymongo-4.10.1-cp310-cp310-win32.whl", hash = "sha256:29e1c323c28a4584b7095378ff046815e39ff82cdb8dc4cc6dfe3acf6f9ad1f8", size = 812324, upload-time = "2024-10-01T23:06:32.717Z" },
    { url = "https://files.pythonhosted.org/packages/ab/14/1cae5359e2c4677856527a2965c999c23f596cced4b7828d880cb8fc0f54/pymongo-4.10.1-cp310-cp310-win_amd64.whl", hash = "sha256:88dc4aa45f8744ccfb45164aedb9a4179c93567bbd98a33109d7dc400b00eb08", size = 826774, upload-time = "2024-10-01T23:06:34.386Z" },
    { url = "https://files.pythonhosted.org/packages/e4/a3/d6403ec53fa2fe922b4a5c86388ea5fada01dd51d803e17bb2a7c9cda839/pymongo-4.10.1-cp311-cp311-macosx_10_9_x86_64.whl", hash = "sha256:57ee6becae534e6d47848c97f6a6dff69e3cce7c70648d6049bd586764febe59", size = 889238, upload-time = "2024-10-01T23:06:36.03Z" },
    { url = "https://files.pythonhosted.org/packages/29/a2/9643450424bcf241e80bb713497ec2e3273c183d548b4eca357f75d71885/pymongo-4.10.1-cp311-cp311-macosx_11_0_arm64.whl", hash = "sha256:6f437a612f4d4f7aca1812311b1e84477145e950fdafe3285b687ab8c52541f3", size = 889504, upload-time = "2024-10-01T23:06:37.328Z" },
    { url = "https://files.pythonhosted.org/packages/ec/40/4759984f34415509e9111be8ee863034611affdc1e0b41016c9d53b2f1b3/pymongo-4.10.1-cp311-cp311-manylinux_2_17_aarch64.manylinux2014_aarch64.whl", hash = "sha256:1a970fd3117ab40a4001c3dad333bbf3c43687d90f35287a6237149b5ccae61d", size = 1649069, upload-time = "2024-10-01T23:06:38.553Z" },
    { url = "https://files.pythonhosted.org/packages/56/0f/b6e917478a3ada81e768475516cd544982cc42cbb7d3be325182768139e1/pymongo-4.10.1-cp311-cp311-manylinux_2_17_ppc64le.manylinux2014_ppc64le.whl", hash = "sha256:7c4d0e7cd08ef9f8fbf2d15ba281ed55604368a32752e476250724c3ce36c72e", size = 1714927, upload-time = "2024-10-01T23:06:40.292Z" },
    { url = "https://files.pythonhosted.org/packages/56/c5/4237d94dfa19ebdf9a92b1071e2139c91f48908c5782e592c571c33b67ab/pymongo-4.10.1-cp311-cp311-manylinux_2_17_s390x.manylinux2014_s390x.whl", hash = "sha256:ca6f700cff6833de4872a4e738f43123db34400173558b558ae079b5535857a4", size = 1683454, upload-time = "2024-10-01T23:06:42.257Z" },
    { url = "https://files.pythonhosted.org/packages/9a/16/dbffca9d4ad66f2a325c280f1177912fa23235987f7b9033e283da889b7a/pymongo-4.10.1-cp311-cp311-manylinux_2_17_x86_64.manylinux2014_x86_64.whl", hash = "sha256:cec237c305fcbeef75c0bcbe9d223d1e22a6e3ba1b53b2f0b79d3d29c742b45b", size = 1653840, upload-time = "2024-10-01T23:06:43.991Z" },
    { url = "https://files.pythonhosted.org/packages/2b/4d/21df934ef5cf8f0e587bac922a129e13d4c0346c54e9bf2371b90dd31112/pymongo-4.10.1-cp311-cp311-manylinux_2_5_i686.manylinux1_i686.manylinux_2_17_i686.manylinux2014_i686.whl", hash = "sha256:b3337804ea0394a06e916add4e5fac1c89902f1b6f33936074a12505cab4ff05", size = 1613233, upload-time = "2024-10-01T23:06:46.113Z" },
    { url = "https://files.pythonhosted.org/packages/24/07/dd9c3db30e754680606295d5574521956898005db0629411a89163cc6eee/pymongo-4.10.1-cp311-cp311-win32.whl", hash = "sha256:778ac646ce6ac1e469664062dfe9ae1f5c9961f7790682809f5ec3b8fda29d65", size = 857331, upload-time = "2024-10-01T23:06:47.812Z" },
    { url = "https://files.pythonhosted.org/packages/02/68/b71c4106d03eef2482eade440c6f5737c2a4a42f6155726009f80ea38d06/pymongo-4.10.1-cp311-cp311-win_amd64.whl", hash = "sha256:9df4ab5594fdd208dcba81be815fa8a8a5d8dedaf3b346cbf8b61c7296246a7a", size = 876473, upload-time = "2024-10-01T23:06:49.201Z" },
    { url = "https://files.pythonhosted.org/packages/10/d1/60ad99fe3f64d45e6c71ac0e3078e88d9b64112b1bae571fc3707344d6d1/pymongo-4.10.1-cp312-cp312-macosx_10_13_x86_64.whl", hash = "sha256:fbedc4617faa0edf423621bb0b3b8707836687161210d470e69a4184be9ca011", size = 943356, upload-time = "2024-10-01T23:06:50.9Z" },
    { url = "https://files.pythonhosted.org/packages/ca/9b/21d4c6b4ee9c1fa9691c68dc2a52565e0acb644b9e95148569b4736a4ebd/pymongo-4.10.1-cp312-cp312-macosx_11_0_arm64.whl", hash = "sha256:7bd26b2aec8ceeb95a5d948d5cc0f62b0eb6d66f3f4230705c1e3d3d2c04ec76", size = 943142, upload-time = "2024-10-01T23:06:52.146Z" },
    { url = "https://files.pythonhosted.org/packages/07/af/691b7454e219a8eb2d1641aecedd607e3a94b93650c2011ad8a8fd74ef9f/pymongo-4.10.1-cp312-cp312-manylinux_2_17_aarch64.manylinux2014_aarch64.whl", hash = "sha256:fb104c3c2a78d9d85571c8ac90ec4f95bca9b297c6eee5ada71fabf1129e1674", size = 1909129, upload-time = "2024-10-01T23:06:53.551Z" },
    { url = "https://files.pythonhosted.org/packages/0c/74/fd75d5ad4181d6e71ce0fca32404fb71b5046ac84d9a1a2f0862262dd032/pymongo-4.10.1-cp312-cp312-manylinux_2_17_ppc64le.manylinux2014_ppc64le.whl", hash = "sha256:4924355245a9c79f77b5cda2db36e0f75ece5faf9f84d16014c0a297f6d66786", size = 1987763, upload-time = "2024-10-01T23:06:55.304Z" },
    { url = "https://files.pythonhosted.org/packages/8a/56/6d3d0ef63c6d8cb98c7c653a3a2e617675f77a95f3853851d17a7664876a/pymongo-4.10.1-cp312-cp312-manylinux_2_17_s390x.manylinux2014_s390x.whl", hash = "sha256:11280809e5dacaef4971113f0b4ff4696ee94cfdb720019ff4fa4f9635138252", size = 1950821, upload-time = "2024-10-01T23:06:57.541Z" },
    { url = "https://files.pythonhosted.org/packages/70/ed/1603fa0c0e51444752c3fa91f16c3a97e6d92eb9fe5e553dae4f18df16f6/pymongo-4.10.1-cp312-cp312-manylinux_2_17_x86_64.manylinux2014_x86_64.whl", hash = "sha256:e5d55f2a82e5eb23795f724991cac2bffbb1c0f219c0ba3bf73a835f97f1bb2e", size = 1912247, upload-time = "2024-10-01T23:06:59.023Z" },
    { url = "https://files.pythonhosted.org/packages/c1/66/e98b2308971d45667cb8179d4d66deca47336c90663a7e0527589f1038b7/pymongo-4.10.1-cp312-cp312-manylinux_2_5_i686.manylinux1_i686.manylinux_2_17_i686.manylinux2014_i686.whl", hash = "sha256:e974ab16a60be71a8dfad4e5afccf8dd05d41c758060f5d5bda9a758605d9a5d", size = 1862230, upload-time = "2024-10-01T23:07:01.407Z" },
    { url = "https://files.pythonhosted.org/packages/6c/80/ba9b7ed212a5f8cf8ad7037ed5bbebc1c587fc09242108f153776e4a338b/pymongo-4.10.1-cp312-cp312-win32.whl", hash = "sha256:544890085d9641f271d4f7a47684450ed4a7344d6b72d5968bfae32203b1bb7c", size = 903045, upload-time = "2024-10-01T23:07:02.973Z" },
    { url = "https://files.pythonhosted.org/packages/76/8b/5afce891d78159912c43726fab32641e3f9718f14be40f978c148ea8db48/pymongo-4.10.1-cp312-cp312-win_amd64.whl", hash = "sha256:dcc07b1277e8b4bf4d7382ca133850e323b7ab048b8353af496d050671c7ac52", size = 926686, upload-time = "2024-10-01T23:07:04.403Z" },
    { url = "https://files.pythonhosted.org/packages/83/76/df0fd0622a85b652ad0f91ec8a0ebfd0cb86af6caec8999a22a1f7481203/pymongo-4.10.1-cp313-cp313-macosx_10_13_x86_64.whl", hash = "sha256:90bc6912948dfc8c363f4ead54d54a02a15a7fee6cfafb36dc450fc8962d2cb7", size = 996981, upload-time = "2024-10-01T23:07:06.001Z" },
    { url = "https://files.pythonhosted.org/packages/4c/39/fa50531de8d1d8af8c253caeed20c18ccbf1de5d970119c4a42c89f2bd09/pymongo-4.10.1-cp313-cp313-macosx_11_0_arm64.whl", hash = "sha256:594dd721b81f301f33e843453638e02d92f63c198358e5a0fa8b8d0b1218dabc", size = 996769, upload-time = "2024-10-01T23:07:07.855Z" },
    { url = "https://files.pythonhosted.org/packages/bf/50/6936612c1b2e32d95c30e860552d3bc9e55cfa79a4f73b73225fa05a028c/pymongo-4.10.1-cp313-cp313-manylinux_2_17_aarch64.manylinux2014_aarch64.whl", hash = "sha256:0783e0c8e95397c84e9cf8ab092ab1e5dd7c769aec0ef3a5838ae7173b98dea0", size = 2169159, upload-time = "2024-10-01T23:07:09.963Z" },
    { url = "https://files.pythonhosted.org/packages/78/8c/45cb23096e66c7b1da62bb8d9c7ac2280e7c1071e13841e7fb71bd44fd9f/pymongo-4.10.1-cp313-cp313-manylinux_2_17_ppc64le.manylinux2014_ppc64le.whl", hash = "sha256:6fb6a72e88df46d1c1040fd32cd2d2c5e58722e5d3e31060a0393f04ad3283de", size = 2260569, upload-time = "2024-10-01T23:07:11.856Z" },
    { url = "https://files.pythonhosted.org/packages/29/b6/e5ec697087e527a6a15c5f8daa5bcbd641edb8813487345aaf963d3537dc/pymongo-4.10.1-cp313-cp313-manylinux_2_17_s390x.manylinux2014_s390x.whl", hash = "sha256:2e3a593333e20c87415420a4fb76c00b7aae49b6361d2e2205b6fece0563bf40", size = 2218142, upload-time = "2024-10-01T23:07:13.61Z" },
    { url = "https://files.pythonhosted.org/packages/ad/8a/c0b45bee0f0c57732c5c36da5122c1796efd5a62d585fbc504e2f1401244/pymongo-4.10.1-cp313-cp313-manylinux_2_17_x86_64.manylinux2014_x86_64.whl", hash = "sha256:72e2ace7456167c71cfeca7dcb47bd5dceda7db2231265b80fc625c5e8073186", size = 2170623, upload-time = "2024-10-01T23:07:15.319Z" },
    { url = "https://files.pythonhosted.org/packages/3b/26/6c0a5360a571df24c9bfbd51b1dae279f4f0c511bdbc0906f6df6d1543fa/pymongo-4.10.1-cp313-cp313-manylinux_2_5_i686.manylinux1_i686.manylinux_2_17_i686.manylinux2014_i686.whl", hash = "sha256:8ad05eb9c97e4f589ed9e74a00fcaac0d443ccd14f38d1258eb4c39a35dd722b", size = 2111112, upload-time = "2024-10-01T23:07:16.859Z" },
    { url = "https://files.pythonhosted.org/packages/38/bc/5b91b728e1cf505d931f04e24cbac71ae519523785570ed046cdc31e6efc/pymongo-4.10.1-cp313-cp313-win32.whl", hash = "sha256:ee4c86d8e6872a61f7888fc96577b0ea165eb3bdb0d841962b444fa36001e2bb", size = 948727, upload-time = "2024-10-01T23:07:18.275Z" },
    { url = "https://files.pythonhosted.org/packages/0d/2a/7c24a6144eaa06d18ed52822ea2b0f119fd9267cd1abbb75dae4d89a3803/pymongo-4.10.1-cp313-cp313-win_amd64.whl", hash = "sha256:45ee87a4e12337353242bc758accc7fb47a2f2d9ecc0382a61e64c8f01e86708", size = 976873, upload-time = "2024-10-01T23:07:19.721Z" },
    { url = "https://files.pythonhosted.org/packages/31/22/0580e055aa609ae61c5c054afc746968be771d75d42b6a43f3979fa1c20e/pymongo-4.10.1-cp38-cp38-macosx_10_9_x86_64.whl", hash = "sha256:442ca247f53ad24870a01e80a71cd81b3f2318655fd9d66748ee2bd1b1569d9e", size = 727824, upload-time = "2024-10-01T23:07:21.15Z" },
    { url = "https://files.pythonhosted.org/packages/82/9f/62599a11b2371ea176ddc4444fe9cef7bb1b8d8c2ba3ec2fce03a63f6b37/pymongo-4.10.1-cp38-cp38-macosx_11_0_arm64.whl", hash = "sha256:23e1d62df5592518204943b507be7b457fb8a4ad95a349440406fd42db5d0923", size = 728136, upload-time = "2024-10-01T23:07:22.995Z" },
    { url = "https://files.pythonhosted.org/packages/7f/87/ea553a6b3e2607d409ffcb8958153e84370f1cd54e1f2191b16dcc28b408/pymongo-4.10.1-cp38-cp38-manylinux_2_17_aarch64.manylinux2014_aarch64.whl", hash = "sha256:6131bc6568b26e7495a9f3ef2b1700566b76bbecd919f4472bfe90038a61f425", size = 928973, upload-time = "2024-10-01T23:07:24.577Z" },
    { url = "https://files.pythonhosted.org/packages/6e/be/f7d3df1415af12200b63b3cfebd2d156ea3215f3ce054bf3f73d81e0be73/pymongo-4.10.1-cp38-cp38-manylinux_2_17_ppc64le.manylinux2014_ppc64le.whl", hash = "sha256:fdeba88c540c9ed0338c0b2062d9f81af42b18d6646b3e6dda05cf6edd46ada9", size = 945186, upload-time = "2024-10-01T23:07:26.005Z" },
    { url = "https://files.pythonhosted.org/packages/f6/0c/8b3981432b8d635763aef504475c1f1ec51447889fd13ac30676cecf1229/pymongo-4.10.1-cp38-cp38-manylinux_2_17_s390x.manylinux2014_s390x.whl", hash = "sha256:15a624d752dd3c89d10deb0ef6431559b6d074703cab90a70bb849ece02adc6b", size = 938573, upload-time = "2024-10-01T23:07:27.486Z" },
    { url = "https://files.pythonhosted.org/packages/5f/54/7da021c70dbac3e993aee5544398f6c1ec58d0aaaf6f91de555e4b6a6e29/pymongo-4.10.1-cp38-cp38-manylinux_2_17_x86_64.manylinux2014_x86_64.whl", hash = "sha256:ba164e73fdade9b4614a2497321c5b7512ddf749ed508950bdecc28d8d76a2d9", size = 930164, upload-time = "2024-10-01T23:07:29.073Z" },
    { url = "https://files.pythonhosted.org/packages/bb/f1/848132a5db3f5fba1928018d53d990f4ba81db9126129f2e5a99d9da8d55/pymongo-4.10.1-cp38-cp38-manylinux_2_5_i686.manylinux1_i686.manylinux_2_17_i686.manylinux2014_i686.whl", hash = "sha256:9235fa319993405ae5505bf1333366388add2e06848db7b3deee8f990b69808e", size = 919676, upload-time = "2024-10-01T23:07:30.841Z" },
    { url = "https://files.pythonhosted.org/packages/ad/31/9b5a831f7bd96e932c0b6e234a154896fe0373c19ba32054e959ae258b57/pymongo-4.10.1-cp38-cp38-manylinux_2_5_i686.manylinux1_i686.whl", hash = "sha256:e4a65567bd17d19f03157c7ec992c6530eafd8191a4e5ede25566792c4fe3fa2", size = 920828, upload-time = "2024-10-01T23:07:32.388Z" },
    { url = "https://files.pythonhosted.org/packages/65/5b/d134139e96fa085ebc7545a7bfb335606e7ee3ae403c170a3fe64ba7b854/pymongo-4.10.1-cp38-cp38-manylinux_2_5_x86_64.manylinux1_x86_64.whl", hash = "sha256:f1945d48fb9b8a87d515da07f37e5b2c35b364a435f534c122e92747881f4a7c", size = 928386, upload-time = "2024-10-01T23:07:33.982Z" },
    { url = "https://files.pythonhosted.org/packages/9e/35/b932c0db60508971701ef42c47ab6db3e60497f0821da4f340ecff9eebf0/pymongo-4.10.1-cp38-cp38-win32.whl", hash = "sha256:345f8d340802ebce509f49d5833cc913da40c82f2e0daf9f60149cacc9ca680f", size = 722400, upload-time = "2024-10-01T23:07:35.537Z" },
    { url = "https://files.pythonhosted.org/packages/38/52/a58196a45232e9046c8b13f4fa3d89cca0e462b5c6d28969759226f781ee/pymongo-4.10.1-cp38-cp38-win_amd64.whl", hash = "sha256:3a70d5efdc0387ac8cd50f9a5f379648ecfc322d14ec9e1ba8ec957e5d08c372", size = 727386, upload-time = "2024-10-01T23:07:37.295Z" },
    { url = "https://files.pythonhosted.org/packages/39/69/a13a61fd9a19e659cb43cb98240a75dab2f8e7b60bee568c309a123f8edc/pymongo-4.10.1-cp39-cp39-macosx_10_9_x86_64.whl", hash = "sha256:15b1492cc5c7cd260229590be7218261e81684b8da6d6de2660cf743445500ce", size = 781650, upload-time = "2024-10-01T23:07:39.173Z" },
    { url = "https://files.pythonhosted.org/packages/14/13/a5a3da69ee146bac81baacc7b27995849bfbb89eaabfb3d19824c7056fb4/pymongo-4.10.1-cp39-cp39-macosx_11_0_arm64.whl", hash = "sha256:95207503c41b97e7ecc7e596d84a61f441b4935f11aa8332828a754e7ada8c82", size = 781929, upload-time = "2024-10-01T23:07:40.666Z" },
    { url = "https://files.pythonhosted.org/packages/b0/65/118bc20fc66451ae4b8ceafbd9aab1168bb13cf4e5699b81807bb911a443/pymongo-4.10.1-cp39-cp39-manylinux_2_17_aarch64.manylinux2014_aarch64.whl", hash = "sha256:bb99f003c720c6d83be02c8f1a7787c22384a8ca9a4181e406174db47a048619", size = 1167200, upload-time = "2024-10-01T23:07:42.37Z" },
    { url = "https://files.pythonhosted.org/packages/d1/4a/19c3d45659835f814efef8b250456923899cc7542c52f8beb1a6a164106f/pymongo-4.10.1-cp39-cp39-manylinux_2_17_ppc64le.manylinux2014_ppc64le.whl", hash = "sha256:f2bc1ee4b1ca2c4e7e6b7a5e892126335ec8d9215bcd3ac2fe075870fefc3358", size = 1200021, upload-time = "2024-10-01T23:07:44.061Z" },
    { url = "https://files.pythonhosted.org/packages/1c/03/69cee6f23463251a8f6de6670fb665e2531cc0df500d61150e57d1aedf70/pymongo-4.10.1-cp39-cp39-manylinux_2_17_s390x.manylinux2014_s390x.whl", hash = "sha256:93a0833c10a967effcd823b4e7445ec491f0bf6da5de0ca33629c0528f42b748", size = 1185518, upload-time = "2024-10-01T23:07:45.613Z" },
    { url = "https://files.pythonhosted.org/packages/00/58/01d8b3b374e45931581364752bf7a4693e9c7422704f81e6e91ffa42c38d/pymongo-4.10.1-cp39-cp39-manylinux_2_17_x86_64.manylinux2014_x86_64.whl", hash = "sha256:0f56707497323150bd2ed5d63067f4ffce940d0549d4ea2dfae180deec7f9363", size = 1169799, upload-time = "2024-10-01T23:07:47.656Z" },
    { url = "https://files.pythonhosted.org/packages/be/6f/9aa0ba2f4cfa4c30c962bd1f5a38b2eb95b23e3965918d211da82ebaacf6/pymongo-4.10.1-cp39-cp39-manylinux_2_5_i686.manylinux1_i686.manylinux_2_17_i686.manylinux2014_i686.whl", hash = "sha256:409ab7d6c4223e5c85881697f365239dd3ed1b58f28e4124b846d9d488c86880", size = 1149344, upload-time = "2024-10-01T23:07:49.945Z" },
    { url = "https://files.pythonhosted.org/packages/fc/af/40f0112605f75f5ae5da554b2f779a83c40ecf2298c57e120e6d7bfcff65/pymongo-4.10.1-cp39-cp39-manylinux_2_5_i686.manylinux1_i686.whl", hash = "sha256:dac78a650dc0637d610905fd06b5fa6419ae9028cf4d04d6a2657bc18a66bbce", size = 1134277, upload-time = "2024-10-01T23:07:51.544Z" },
    { url = "https://files.pythonhosted.org/packages/a1/92/9a4afaf02d4d633c3211b7535e6bfbb2527524ca8ac8039b8d7eb3c765eb/pymongo-4.10.1-cp39-cp39-manylinux_2_5_x86_64.manylinux1_x86_64.whl", hash = "sha256:1ec3fa88b541e0481aff3c35194c9fac96e4d57ec5d1c122376000eb28c01431", size = 1167588, upload-time = "2024-10-01T23:07:53.31Z" },
    { url = "https://files.pythonhosted.org/packages/29/de/3c23e7739b0d0dafa4d802e9773011cf54e305c7cb788a52d50c3ef585d2/pymongo-4.10.1-cp39-cp39-win32.whl", hash = "sha256:e0e961923a7b8a1c801c43552dcb8153e45afa41749d9efbd3a6d33f45489f7a", size = 767325, upload-time = "2024-10-01T23:07:54.92Z" },
    { url = "https://files.pythonhosted.org/packages/36/d4/49198168f296838c49d732743ae073f9ca9e8f65f15f5209637456892968/pymongo-4.10.1-cp39-cp39-win_amd64.whl", hash = "sha256:dabe8bf1ad644e6b93f3acf90ff18536d94538ca4d27e583c6db49889e98e48f", size = 777078, upload-time = "2024-10-01T23:07:56.542Z" },
]

[[package]]
name = "pymongo"
version = "4.15.4"
source = { registry = "https://pypi.org/simple" }
resolution-markers = [
    "python_full_version >= '3.10'",
    "python_full_version == '3.9.*'",
]
dependencies = [
    { name = "dnspython", version = "2.7.0", source = { registry = "https://pypi.org/simple" }, marker = "python_full_version == '3.9.*'" },
    { name = "dnspython", version = "2.8.0", source = { registry = "https://pypi.org/simple" }, marker = "python_full_version >= '3.10'" },
]
sdist = { url = "https://files.pythonhosted.org/packages/74/81/6d66e62a5d1c5323dca79e9fb34ac8211df76f6c16625f9499a37b796314/pymongo-4.15.4.tar.gz", hash = "sha256:6ba7cdf46f03f406f77969a8081cfb659af16c0eee26b79a0a14e25f6c00827b", size = 2471218, upload-time = "2025-11-11T20:52:37.31Z" }
wheels = [
    { url = "https://files.pythonhosted.org/packages/5c/9e/5d6bd240a8d32e088078b37dcfa1579028c51d91168c0e992827ec1e87e6/pymongo-4.15.4-cp310-cp310-macosx_10_9_x86_64.whl", hash = "sha256:84c7c7624a1298295487d0dfd8dbec75d14db44c017b5087c7fe7d6996a96e3d", size = 811325, upload-time = "2025-11-11T20:50:22.286Z" },
    { url = "https://files.pythonhosted.org/packages/1f/aa/1d707a836c436af60faa2db6f2706f9e74b5056d0bd77deb243c023b5e7b/pymongo-4.15.4-cp310-cp310-macosx_11_0_arm64.whl", hash = "sha256:71a5ab372ebe4e05453bae86a008f6db98b5702df551219fb2f137c394d71c3a", size = 811668, upload-time = "2025-11-11T20:50:24.171Z" },
    { url = "https://files.pythonhosted.org/packages/e8/17/8c50a695a7029d582da50875085465f01bf83e5146fb7dc3f671168aedb7/pymongo-4.15.4-cp310-cp310-manylinux1_i686.manylinux_2_28_i686.manylinux_2_5_i686.whl", hash = "sha256:eee407bf1058a8f0d5b203028997b42ea6fc80a996537cc2886f89573bc0770f", size = 1185476, upload-time = "2025-11-11T20:50:25.635Z" },
    { url = "https://files.pythonhosted.org/packages/3e/e8/5449663ec341fb83c3e4d51011f65b61de8427620679510cca57386c9446/pymongo-4.15.4-cp310-cp310-manylinux2014_aarch64.manylinux_2_17_aarch64.manylinux_2_28_aarch64.whl", hash = "sha256:22e286f5b9c13963bcaf9b9241846d388ac5022225a9e11c5364393a8cc3eb49", size = 1203857, upload-time = "2025-11-11T20:50:27.162Z" },
    { url = "https://files.pythonhosted.org/packages/2f/ff/98768d4294f271175aedbad209d748ac769a3f35bee35f8c82b57b03ea4a/pymongo-4.15.4-cp310-cp310-manylinux2014_ppc64le.manylinux_2_17_ppc64le.manylinux_2_28_ppc64le.whl", hash = "sha256:67c3b84a2a0e1794b2fbfe22dc36711a03c6bc147d9d2e0f8072fabed7a65092", size = 1242538, upload-time = "2025-11-11T20:50:29.322Z" },
    { url = "https://files.pythonhosted.org/packages/18/91/57b4a08b81686e0148a93ecd0149d747a31be82aafa0708143d642662893/pymongo-4.15.4-cp310-cp310-manylinux2014_s390x.manylinux_2_17_s390x.manylinux_2_28_s390x.whl", hash = "sha256:94e50149fb9d982c234d0efa9c0eec4a04db7e82a412d3dae2c4f03a9926360e", size = 1232831, upload-time = "2025-11-11T20:50:31.326Z" },
    { url = "https://files.pythonhosted.org/packages/ff/17/52434425cde25e6d0743a6d8af8a8b88ffbd05cce595993facf09a5d0559/pymongo-4.15.4-cp310-cp310-manylinux2014_x86_64.manylinux_2_17_x86_64.manylinux_2_28_x86_64.whl", hash = "sha256:c1903c0966969cf3e7b30922956bd82eb09e6a3f3d7431a727d12f20104f66d3", size = 1200182, upload-time = "2025-11-11T20:50:33.339Z" },
    { url = "https://files.pythonhosted.org/packages/9d/7f/d5c975dcbfd339f3cd3eae2055fe6d96fb546508e1954fe263c0304e0317/pymongo-4.15.4-cp310-cp310-win32.whl", hash = "sha256:20ffcd883b6e187ef878558d0ebf9f09cc46807b6520022592522d3cdd21022d", size = 798325, upload-time = "2025-11-11T20:50:35.214Z" },
    { url = "https://files.pythonhosted.org/packages/b2/1f/78b2d3d7b35284c5da80342ce2b7e4087901ff8fb030eccaa654b5d3d061/pymongo-4.15.4-cp310-cp310-win_amd64.whl", hash = "sha256:68ea93e7d19d3aa3182a6e41ba68288b9b234a3b0a70b368feb95fff3f94413f", size = 808144, upload-time = "2025-11-11T20:50:36.621Z" },
    { url = "https://files.pythonhosted.org/packages/30/d2/95505fb5a699180a215553f622702464bc47000e5e782cc846098dcdfc37/pymongo-4.15.4-cp310-cp310-win_arm64.whl", hash = "sha256:abfe72630190c0dc8f2222b02af7c4e5f72809d06b2ccb3f3ca83f6a7b60e302", size = 800933, upload-time = "2025-11-11T20:50:38.573Z" },
    { url = "https://files.pythonhosted.org/packages/71/a4/b1a724352ab47a8925f30931a6aa6f905dcf473d8404156ef608ec325fbd/pymongo-4.15.4-cp311-cp311-macosx_10_9_x86_64.whl", hash = "sha256:b2967bda6ccac75aefad26c4ef295f5054181d69928bb9d1159227d6771e8887", size = 865881, upload-time = "2025-11-11T20:50:40.275Z" },
    { url = "https://files.pythonhosted.org/packages/09/d4/6f4db5b64b0b71f0cbe608a80aea8b2580b5e1db4da1f9a70ae5531e9f1d/pymongo-4.15.4-cp311-cp311-macosx_11_0_arm64.whl", hash = "sha256:7df1fad859c61bdbe0e2a0dec8f5893729d99b4407b88568e0e542d25f383f57", size = 866225, upload-time = "2025-11-11T20:50:41.842Z" },
    { url = "https://files.pythonhosted.org/packages/0f/44/9d96fa635b838348109f904f558aa6675fdfb0a9265060050d7a92afbf97/pymongo-4.15.4-cp311-cp311-manylinux1_i686.manylinux_2_28_i686.manylinux_2_5_i686.whl", hash = "sha256:990c4898787e706d0ab59141cf5085c981d89c3f86443cd6597939d9f25dd71d", size = 1429778, upload-time = "2025-11-11T20:50:43.801Z" },
    { url = "https://files.pythonhosted.org/packages/9f/e6/eac0b3ca4ea1cd437983f1409cb6260e606cce11ea3cb6f5ccd8629fa5c2/pymongo-4.15.4-cp311-cp311-manylinux2014_aarch64.manylinux_2_17_aarch64.manylinux_2_28_aarch64.whl", hash = "sha256:ad7ff0347e8306fc62f146bdad0635d9eec1d26e246c97c14dd1a189d3480e3f", size = 1456739, upload-time = "2025-11-11T20:50:45.479Z" },
    { url = "https://files.pythonhosted.org/packages/73/7e/b7adba0c8dfc2dced7632c61425a70048bddf953b07bf6232a4ea7f0fb7e/pymongo-4.15.4-cp311-cp311-manylinux2014_ppc64le.manylinux_2_17_ppc64le.manylinux_2_28_ppc64le.whl", hash = "sha256:dd8c78c59fd7308239ef9bcafb7cd82f08cbc9466d1cfda22f9025c83468bf6d", size = 1514659, upload-time = "2025-11-11T20:50:47.517Z" },
    { url = "https://files.pythonhosted.org/packages/20/8b/cdc129f1bee5595018c52ff81baaec818301e705ee39cf00d9d5f68a3d0d/pymongo-4.15.4-cp311-cp311-manylinux2014_s390x.manylinux_2_17_s390x.manylinux_2_28_s390x.whl", hash = "sha256:44d95677aa23fe479bb531b393a4fad0210f808af52e4ab2b79c0b540c828957", size = 1500700, upload-time = "2025-11-11T20:50:49.183Z" },
    { url = "https://files.pythonhosted.org/packages/1f/02/e706a63f00542531a4c723258ae3da3439925de02215710a18813fbe1db4/pymongo-4.15.4-cp311-cp311-manylinux2014_x86_64.manylinux_2_17_x86_64.manylinux_2_28_x86_64.whl", hash = "sha256:4ab985e61376ae5a04f162fb6bdddaffc7beec883ffbd9d84ea86a71be794d74", size = 1452011, upload-time = "2025-11-11T20:50:51.568Z" },
    { url = "https://files.pythonhosted.org/packages/37/36/6b78b105e8e1174ebda592ad31f02cb98ee9bd8bb2eeb621f54e2c714d03/pymongo-4.15.4-cp311-cp311-win32.whl", hash = "sha256:2f811e93dbcba0c488518ceae7873a40a64b6ad273622a18923ef2442eaab55c", size = 844471, upload-time = "2025-11-11T20:50:53.362Z" },
    { url = "https://files.pythonhosted.org/packages/a5/0d/3d009eed6ae045ee4f62877878070a07405af5e368d60a4a35efd177c25b/pymongo-4.15.4-cp311-cp311-win_amd64.whl", hash = "sha256:53bfcd8c11086a2457777cb4b1a6588d9dd6af77aeab47e04f2af02e3a077e59", size = 859189, upload-time = "2025-11-11T20:50:55.198Z" },
    { url = "https://files.pythonhosted.org/packages/d5/40/d5713b1d5e0b10402446632bab6a88918cd13e5fe1fa26beac177eb37dac/pymongo-4.15.4-cp311-cp311-win_arm64.whl", hash = "sha256:2096964b2b93607ed80a62ac6664396a826b7fe34e2b1eed3f20784681a17827", size = 848369, upload-time = "2025-11-11T20:50:57.164Z" },
    { url = "https://files.pythonhosted.org/packages/75/bb/09176c965d994352efd1407c9139799218f3fe1d18382dff34ef64e0bd22/pymongo-4.15.4-cp312-cp312-macosx_10_13_x86_64.whl", hash = "sha256:4ab4eef031e722a8027c338c3d71704a8c85c17c64625d61c6effdf8a893b971", size = 920943, upload-time = "2025-11-11T20:50:59.056Z" },
    { url = "https://files.pythonhosted.org/packages/94/97/d212bd8d9106acecf6948cc0a0ed640f58d8afaed427481b9e79db08f45c/pymongo-4.15.4-cp312-cp312-macosx_11_0_arm64.whl", hash = "sha256:0e12551e28007a341d15ebca5a024ef487edf304d612fba5efa1fd6b4d9a95a9", size = 920687, upload-time = "2025-11-11T20:51:00.683Z" },
    { url = "https://files.pythonhosted.org/packages/ff/81/7be727d6172fd80d8dd1c6fedb78675936396d2f2067fab270e443e04621/pymongo-4.15.4-cp312-cp312-manylinux1_i686.manylinux_2_28_i686.manylinux_2_5_i686.whl", hash = "sha256:1d21998fb9ccb3ea6d59a9f9971591b9efbcfbbe46350f7f8badef9b107707f3", size = 1690340, upload-time = "2025-11-11T20:51:02.392Z" },
    { url = "https://files.pythonhosted.org/packages/42/5a/91bf00e9d30d18b3e8ef3fa222964ba1e073d82c5f38dae027e63d36bcfd/pymongo-4.15.4-cp312-cp312-manylinux2014_aarch64.manylinux_2_17_aarch64.manylinux_2_28_aarch64.whl", hash = "sha256:9f83e8895d42eb51d259694affa9607c4d56e1c784928ccbbac568dc20df86a8", size = 1726082, upload-time = "2025-11-11T20:51:04.353Z" },
    { url = "https://files.pythonhosted.org/packages/ff/08/b7d8e765efa64cddf1844e8b889454542c765f8d119c87a4904f45addc07/pymongo-4.15.4-cp312-cp312-manylinux2014_ppc64le.manylinux_2_17_ppc64le.manylinux_2_28_ppc64le.whl", hash = "sha256:0bd8126a507afa8ce4b96976c8e28402d091c40b7d98e3b5987a371af059d9e7", size = 1800624, upload-time = "2025-11-11T20:51:06.222Z" },
    { url = "https://files.pythonhosted.org/packages/35/b0/40ec073ccc2cf95e8743315e6c92a81f37698d2e618c83ec7d9c3b647bd0/pymongo-4.15.4-cp312-cp312-manylinux2014_s390x.manylinux_2_17_s390x.manylinux_2_28_s390x.whl", hash = "sha256:e799e2cba7fcad5ab29f678784f90b1792fcb6393d571ecbe4c47d2888af30f3", size = 1785469, upload-time = "2025-11-11T20:51:07.893Z" },
    { url = "https://files.pythonhosted.org/packages/82/da/b1a27064404d5081f5391c3c81e4a6904acccb4766598e3aa14399d36feb/pymongo-4.15.4-cp312-cp312-manylinux2014_x86_64.manylinux_2_17_x86_64.manylinux_2_28_x86_64.whl", hash = "sha256:563e793ad87633e50ad43a8cd2c740fbb17fca4a4637185996575ddbe99960b8", size = 1718540, upload-time = "2025-11-11T20:51:09.574Z" },
    { url = "https://files.pythonhosted.org/packages/e7/8c/bee6159b4e434dc0413b399af2bd3795ef7427b2c2fe1b304df250c0a3d8/pymongo-4.15.4-cp312-cp312-win32.whl", hash = "sha256:39bb3c12c772241778f4d7bf74885782c8d68b309d3c69891fe39c729334adbd", size = 891308, upload-time = "2025-11-11T20:51:11.67Z" },
    { url = "https://files.pythonhosted.org/packages/cf/cb/cb70455fe2eadf4f6ccd27fe215e342b242e8b53780aeafb96cd1c3bf506/pymongo-4.15.4-cp312-cp312-win_amd64.whl", hash = "sha256:6f43326f36bc540b04f5a7f1aa8be40b112d7fc9f6e785ae3797cd72a804ffdd", size = 910911, upload-time = "2025-11-11T20:51:13.283Z" },
    { url = "https://files.pythonhosted.org/packages/41/81/20486a697474b7de25faee91d9c478eb410ae78cb4e50b15000184944a48/pymongo-4.15.4-cp312-cp312-win_arm64.whl", hash = "sha256:263cfa2731a4bbafdce2cf06cd511eba8957bd601b3cad9b4723f2543d42c730", size = 896347, upload-time = "2025-11-11T20:51:15.981Z" },
    { url = "https://files.pythonhosted.org/packages/51/10/09551492e484f7055194d91c071c827fc65261156e4daced35e67e97b893/pymongo-4.15.4-cp313-cp313-macosx_10_13_x86_64.whl", hash = "sha256:6ff080f23a12c943346e2bba76cf19c3d14fb3625956792aa22b69767bfb36de", size = 975326, upload-time = "2025-11-11T20:51:17.693Z" },
    { url = "https://files.pythonhosted.org/packages/aa/6e/8f153a6d7eaec9b334975000e16bfd11ec4050e8729d3e2ee67d7022f526/pymongo-4.15.4-cp313-cp313-macosx_11_0_arm64.whl", hash = "sha256:c4690e01d03773f7af21b1a8428029bd534c9fe467c6b594c591d8b992c0a975", size = 975132, upload-time = "2025-11-11T20:51:19.58Z" },
    { url = "https://files.pythonhosted.org/packages/7c/7d/037498c1354fae1ce2fc7738c981a7447a5fee021c22e76083540cc1f9d6/pymongo-4.15.4-cp313-cp313-manylinux1_i686.manylinux_2_28_i686.manylinux_2_5_i686.whl", hash = "sha256:78bfe3917d0606b30a91b02ad954c588007f82e2abb2575ac2665259b051a753", size = 1950964, upload-time = "2025-11-11T20:51:21.262Z" },
    { url = "https://files.pythonhosted.org/packages/ef/96/7c6b14956ef2ab99600d93b43429387394df6a99f5293cd0371c59a77a02/pymongo-4.15.4-cp313-cp313-manylinux2014_aarch64.manylinux_2_17_aarch64.manylinux_2_28_aarch64.whl", hash = "sha256:f53c83c3fd80fdb412ce4177d4f59b70b9bb1add6106877da044cf21e996316b", size = 1995249, upload-time = "2025-11-11T20:51:23.248Z" },
    { url = "https://files.pythonhosted.org/packages/2a/16/0e0495b38dd64efbfd6f2eb47535895c8df4a78e384aee78190fe2ecfa84/pymongo-4.15.4-cp313-cp313-manylinux2014_ppc64le.manylinux_2_17_ppc64le.manylinux_2_28_ppc64le.whl", hash = "sha256:2e41d6650c1cd77a8e7556ad65133455f819f8c8cdce3e9cf4bbf14252b7d805", size = 2086580, upload-time = "2025-11-11T20:51:25.294Z" },
    { url = "https://files.pythonhosted.org/packages/7d/c0/692545232a17d5772d15c7e50d54415bdd9b88018e2228607c96766af961/pymongo-4.15.4-cp313-cp313-manylinux2014_s390x.manylinux_2_17_s390x.manylinux_2_28_s390x.whl", hash = "sha256:b60fd8125f52efffd697490b6ccebc6e09d44069ad9c8795df0a684a9a8f4b3c", size = 2070189, upload-time = "2025-11-11T20:51:27.162Z" },
    { url = "https://files.pythonhosted.org/packages/6f/9f/aae8eb4650d9a62f26baca4f4da2a0f5cd1aabcd4229dabc43cd71e09ea2/pymongo-4.15.4-cp313-cp313-manylinux2014_x86_64.manylinux_2_17_x86_64.manylinux_2_28_x86_64.whl", hash = "sha256:4d1a1a0406acd000377f34ae91cdb501fa73601a2d071e4a661e0c862e1b166e", size = 1985254, upload-time = "2025-11-11T20:51:29.136Z" },
    { url = "https://files.pythonhosted.org/packages/b1/cd/50f49788caa317c7b00ccf0869805cb2b3046c2510f960cb07e8d3a74f73/pymongo-4.15.4-cp313-cp313-win32.whl", hash = "sha256:9c5710ed5f2af95315db0ee8ae02e9ff1e85e7b068c507d980bc24fe9d025257", size = 938134, upload-time = "2025-11-11T20:51:31.254Z" },
    { url = "https://files.pythonhosted.org/packages/10/ad/6e96ccb3b7ab8be2e22b1c50b98aed0cae19253174bca6807fc8fd1ce34c/pymongo-4.15.4-cp313-cp313-win_amd64.whl", hash = "sha256:61b0863c7f9b460314db79b7f8541d3b490b453ece49afd56b611b214fc4b3b1", size = 962595, upload-time = "2025-11-11T20:51:33.118Z" },
    { url = "https://files.pythonhosted.org/packages/22/23/9b9255e432df4bc276ecb9bb6e81c3376d8ee2b19de02d3751bb5c4a6fb1/pymongo-4.15.4-cp313-cp313-win_arm64.whl", hash = "sha256:0255af7d5c23c5e8cb4d9bb12906b142acebab0472117e1d5e3a8e6e689781cb", size = 944298, upload-time = "2025-11-11T20:51:35.13Z" },
    { url = "https://files.pythonhosted.org/packages/9f/e6/f315ea84656adcd18d5b5e8b362b47c36bf606843098688cc0809b28c8a8/pymongo-4.15.4-cp314-cp314-macosx_10_15_x86_64.whl", hash = "sha256:539f9fa5bb04a09fc2965cdcae3fc91d1c6a1f4f1965b34df377bc7119e3d7cd", size = 1029994, upload-time = "2025-11-11T20:51:36.808Z" },
    { url = "https://files.pythonhosted.org/packages/bb/0c/0c364db72cd80a503829885643478dd144a8bf05e1e853c89648a06ad34b/pymongo-4.15.4-cp314-cp314-macosx_11_0_arm64.whl", hash = "sha256:68354a77cf78424d27216b1cb7c9b0f67da16aae855045279ba8d73bb61f5ad0", size = 1029615, upload-time = "2025-11-11T20:51:38.551Z" },
    { url = "https://files.pythonhosted.org/packages/50/71/6f37eea22ffa5b136c1ca0a21ba390c273b582d800bc979961fbd46c9bcc/pymongo-4.15.4-cp314-cp314-manylinux1_i686.manylinux_2_28_i686.manylinux_2_5_i686.whl", hash = "sha256:a9a90d556c2ef1572d2aef525ef19477a82d659d117eb3a51fa99e617d07dc44", size = 2211805, upload-time = "2025-11-11T20:51:40.657Z" },
    { url = "https://files.pythonhosted.org/packages/24/09/3a538cb82766ce89559c4ca0d5694f782485080db6a8f628784dc7debba8/pymongo-4.15.4-cp314-cp314-manylinux2014_aarch64.manylinux_2_17_aarch64.manylinux_2_28_aarch64.whl", hash = "sha256:a1aac57614fb86a3fa707af3537c30eda5e7fd1be712c1f723296292ac057afe", size = 2264618, upload-time = "2025-11-11T20:51:42.651Z" },
    { url = "https://files.pythonhosted.org/packages/51/6b/66b4fe2d3c566ed655d95b1d8947dfea05642b05a285a3081d6cebc4f5da/pymongo-4.15.4-cp314-cp314-manylinux2014_ppc64le.manylinux_2_17_ppc64le.manylinux_2_28_ppc64le.whl", hash = "sha256:c6c21b49c5e021d9ce02cac33525c722d4c6887f7cde19a5a9154f66cb845e84", size = 2371810, upload-time = "2025-11-11T20:51:44.372Z" },
    { url = "https://files.pythonhosted.org/packages/92/2b/3989960c7de983c5cc05b2d43b26fa560fe9de433ee60b83259d6ee2cde3/pymongo-4.15.4-cp314-cp314-manylinux2014_s390x.manylinux_2_17_s390x.manylinux_2_28_s390x.whl", hash = "sha256:e93828768470026099119295c68ed0dbc0a50022558be5e334f6dbda054f1d32", size = 2351848, upload-time = "2025-11-11T20:51:46.548Z" },
    { url = "https://files.pythonhosted.org/packages/31/93/ee9f8a42eed6ecb8dda52e586a470bf88007a298b0f1a2c4ea1ff352af8e/pymongo-4.15.4-cp314-cp314-manylinux2014_x86_64.manylinux_2_17_x86_64.manylinux_2_28_x86_64.whl", hash = "sha256:11840e9eb5a650ac190f2a3473631073daddbabdbb2779b6709dfddd3ba3b872", size = 2251338, upload-time = "2025-11-11T20:51:48.335Z" },
    { url = "https://files.pythonhosted.org/packages/a0/36/c6609f632bcaffcdf9f7e67cb888402a1df049a7c3ff2f56067a0b451a59/pymongo-4.15.4-cp314-cp314-win32.whl", hash = "sha256:f0907b46df97b01911bf2e10ddbb23c2303629e482d81372031fd7f4313b9013", size = 992893, upload-time = "2025-11-11T20:51:50.775Z" },
    { url = "https://files.pythonhosted.org/packages/f0/23/4ec0f7c9bf3397b6cafaf714f5bfe0a9944e7af088daa01d258eec031118/pymongo-4.15.4-cp314-cp314-win_amd64.whl", hash = "sha256:111d7f65ccbde908546cb36d14e22f12a73a4de236fd056f41ed515d1365f134", size = 1021204, upload-time = "2025-11-11T20:51:52.691Z" },
    { url = "https://files.pythonhosted.org/packages/2b/71/3813d15fa5ce6fb5fb40775bedc95a1970790f5aba968d92b014a796aab6/pymongo-4.15.4-cp314-cp314-win_arm64.whl", hash = "sha256:c689a5d057ef013612b5aa58e6bf52f7fdb186e22039f1a3719985b5d0399932", size = 1000608, upload-time = "2025-11-11T20:51:54.442Z" },
    { url = "https://files.pythonhosted.org/packages/12/e7/10f3bc034fcec374dc46462b369205527478199a803169cb10e9e4b48c68/pymongo-4.15.4-cp314-cp314t-macosx_10_15_x86_64.whl", hash = "sha256:cdfa57760745387cde93615a48f622bf1eeae8ae28103a8a5100b9389eec22f9", size = 1086725, upload-time = "2025-11-11T20:51:57.266Z" },
    { url = "https://files.pythonhosted.org/packages/40/ee/b59cad7d46598d48708bd2a6559ea8b9cbb6fb9665d617b5a52b58de81b3/pymongo-4.15.4-cp314-cp314t-macosx_11_0_arm64.whl", hash = "sha256:4fd6ba610e5a54090c4055a15f38d19ad8bf11e6bbc5a173e945c755a16db455", size = 1086660, upload-time = "2025-11-11T20:51:59.114Z" },
    { url = "https://files.pythonhosted.org/packages/0a/84/58efbde2b52a577f9162bb9b97605b6669354bb171bc241a0dc2639536d7/pymongo-4.15.4-cp314-cp314t-manylinux1_i686.manylinux_2_28_i686.manylinux_2_5_i686.whl", hash = "sha256:bd3c7945b8a5563aa3951db26ba534372fba4c781473f5d55ce6340b7523cb0f", size = 2531617, upload-time = "2025-11-11T20:52:01.006Z" },
    { url = "https://files.pythonhosted.org/packages/f8/cd/7bd739d04b67c99f00c942465b8ab7659dc2c1ad80108b5f4f74eecdf9f3/pymongo-4.15.4-cp314-cp314t-manylinux2014_aarch64.manylinux_2_17_aarch64.manylinux_2_28_aarch64.whl", hash = "sha256:41e98a31e79d74e9d78bc1638b71c3a10a910eae7d3318e2ae8587c760931451", size = 2603756, upload-time = "2025-11-11T20:52:03.029Z" },
    { url = "https://files.pythonhosted.org/packages/4a/39/5a3b01f7e5fd464656421246516723c02067e85bbfb52d30da7d79b8336f/pymongo-4.15.4-cp314-cp314t-manylinux2014_ppc64le.manylinux_2_17_ppc64le.manylinux_2_28_ppc64le.whl", hash = "sha256:d18d89073b5e752391c237d2ee86ceec1e02a4ad764b3029f24419eedd12723e", size = 2725205, upload-time = "2025-11-11T20:52:04.968Z" },
    { url = "https://files.pythonhosted.org/packages/c7/a8/b06231d5ea48d0fcc47bf6c2cebfd8dbea3eda1a1d7bf786443cb9ef5b94/pymongo-4.15.4-cp314-cp314t-manylinux2014_s390x.manylinux_2_17_s390x.manylinux_2_28_s390x.whl", hash = "sha256:edbff27a56a80b8fe5c0319200c44e63b1349bf20db27d9734ddcf23c0d72b35", size = 2704793, upload-time = "2025-11-11T20:52:07.164Z" },
    { url = "https://files.pythonhosted.org/packages/d0/a3/c0ea0da1185d3be4e73923ab3b74f14f424b40f787c710690c83004f147a/pymongo-4.15.4-cp314-cp314t-manylinux2014_x86_64.manylinux_2_17_x86_64.manylinux_2_28_x86_64.whl", hash = "sha256:f1d75f5b51304176631c12e5bf47eed021446669e5f99379b76fd2bd3929c1b4", size = 2582263, upload-time = "2025-11-11T20:52:09.016Z" },
    { url = "https://files.pythonhosted.org/packages/c8/f7/29ce41f9e55b1dd912bed39b76e9326e23ff6c097c4a8de88b2c5bcd54e5/pymongo-4.15.4-cp314-cp314t-win32.whl", hash = "sha256:e1bf4e0689cc48e0cfa6aef17f107c298d8898de0c6e782ea5c98450ae93a62f", size = 1044009, upload-time = "2025-11-11T20:52:11.138Z" },
    { url = "https://files.pythonhosted.org/packages/01/71/3fade727cc4c7ac77fe19c4e3a6bbfb66d7f46796108ba106f236c64492f/pymongo-4.15.4-cp314-cp314t-win_amd64.whl", hash = "sha256:3fc347ea5eda6c3a7177c3a9e4e9b4e570a444a351effda4a898c2d352a1ccd1", size = 1078479, upload-time = "2025-11-11T20:52:13.324Z" },
    { url = "https://files.pythonhosted.org/packages/60/0f/d450350f103db4bb856cb1ee60c8b1fa68d5ac50c846896d74deba3e9950/pymongo-4.15.4-cp314-cp314t-win_arm64.whl", hash = "sha256:2d921b84c681c5385a6f7ba2b5740cb583544205a00877aad04b5b12ab86ad26", size = 1051155, upload-time = "2025-11-11T20:52:15.185Z" },
    { url = "https://files.pythonhosted.org/packages/c9/b2/46dfa25378aab96f30b9e897479a35da21bb28f27f22a76c8a3b79631d56/pymongo-4.15.4-cp39-cp39-macosx_10_9_x86_64.whl", hash = "sha256:e4c44bb6e781373915c56bc88f3b4849137869284e79c08a5b18f4c0d6adfd26", size = 756757, upload-time = "2025-11-11T20:52:17.338Z" },
    { url = "https://files.pythonhosted.org/packages/cd/aa/688ab885da63c27a3f71d390357602de216ad25436a52e737f9bfd9a7698/pymongo-4.15.4-cp39-cp39-macosx_11_0_arm64.whl", hash = "sha256:05e0f2ac285e24de802912908d64dfafca8bea5ab1718a88aab0f197b003dc28", size = 757110, upload-time = "2025-11-11T20:52:19.472Z" },
    { url = "https://files.pythonhosted.org/packages/ba/22/9f2827057e1e4c49fce155fa4de9354d543ddb87ceb8cdad5b4cc5f7d279/pymongo-4.15.4-cp39-cp39-manylinux1_i686.manylinux_2_28_i686.manylinux_2_5_i686.whl", hash = "sha256:94f8e9ab6954899d60babe48418e41217dc510d6fa4305af7aabee244b2a9882", size = 943610, upload-time = "2025-11-11T20:52:21.35Z" },
    { url = "https://files.pythonhosted.org/packages/5a/f2/7e69601da55807df590a169354a7b02988ed62d995cb8bd8dc729348d9ad/pymongo-4.15.4-cp39-cp39-manylinux2014_aarch64.manylinux_2_17_aarch64.manylinux_2_28_aarch64.whl", hash = "sha256:b9e2f96e7e7a769a7804121c02f3290a39ca4d78a398bc56c6e024728d350897", size = 952828, upload-time = "2025-11-11T20:52:23.243Z" },
    { url = "https://files.pythonhosted.org/packages/52/8a/a501f170384045ae9f207ed415e5a48a3cd761f8f43bfca8b9e58bfbea0b/pymongo-4.15.4-cp39-cp39-manylinux2014_ppc64le.manylinux_2_17_ppc64le.manylinux_2_28_ppc64le.whl", hash = "sha256:e84c95b185dce012575adc74a18342a2581dc9bb939712125317e03d92148167", size = 972023, upload-time = "2025-11-11T20:52:25.17Z" },
    { url = "https://files.pythonhosted.org/packages/8d/95/dc5739ccdb448273e1b2648e3d366ce039e9d5c888d927f96b2a93ff7e61/pymongo-4.15.4-cp39-cp39-manylinux2014_s390x.manylinux_2_17_s390x.manylinux_2_28_s390x.whl", hash = "sha256:649d24ce86f90a8c74897dba35e34c6b86e0d7d7381d7dc18cafbd06dc78fbc3", size = 966965, upload-time = "2025-11-11T20:52:27.098Z" },
    { url = "https://files.pythonhosted.org/packages/99/46/09d18fa54688bf1acf1f1e79e3505dc441401b7c02f277d7e66fc63c1416/pymongo-4.15.4-cp39-cp39-manylinux2014_x86_64.manylinux_2_17_x86_64.manylinux_2_28_x86_64.whl", hash = "sha256:0cdab8a71f673b597dbe5cd610913525b59cba34835fc8c6ffb2b62f28028959", size = 950661, upload-time = "2025-11-11T20:52:29.366Z" },
    { url = "https://files.pythonhosted.org/packages/f5/ce/a8cf7230ec976d8b8cfee045af8b57ac1297cde899258656639be3f02783/pymongo-4.15.4-cp39-cp39-win32.whl", hash = "sha256:4eb3c2fea850104c41ce3f1f52f6a70f3d1a6998e9c63c197fcaab08c7c89e22", size = 752181, upload-time = "2025-11-11T20:52:31.333Z" },
    { url = "https://files.pythonhosted.org/packages/37/01/35247521724307981671464a278087d094817e36852fb5f2e391ce2c6f83/pymongo-4.15.4-cp39-cp39-win_amd64.whl", hash = "sha256:4ea5dc8a0268ea2e12a6fcfc43bb8f3da969deed46734167238884cbb29c2598", size = 757104, upload-time = "2025-11-11T20:52:33.246Z" },
    { url = "https://files.pythonhosted.org/packages/89/1d/d99ab20d2c2fc64fff40885692c4ae81c90e082afda159ba12f9e0dfb939/pymongo-4.15.4-cp39-cp39-win_arm64.whl", hash = "sha256:e6216290982178208b962edc9ba7ebc41b11f276a148ac3b496fc41f86963707", size = 753495, upload-time = "2025-11-11T20:52:35.044Z" },
]
